<?xml version="1.0" encoding="utf-8"?>
<Project ToolsVersion="4.0" xmlns="http://schemas.microsoft.com/developer/msbuild/2003">
  <ItemGroup>
    <ClInclude Include="Menu.h">
      <Filter>Infrastructure\Menu</Filter>
    </ClInclude>
    <ClInclude Include="MenuItem.h">
      <Filter>Infrastructure\Menu</Filter>
    </ClInclude>
    <ClInclude Include="Colors.h">
      <Filter>Infrastructure</Filter>
    </ClInclude>
    <ClInclude Include="FKeys.h">
      <Filter>Infrastructure</Filter>
    </ClInclude>
    <ClInclude Include="Palette.h">
      <Filter>Infrastructure</Filter>
    </ClInclude>
    <ClInclude Include="Object.h">
      <Filter>Infrastructure</Filter>
    </ClInclude>
    <ClInclude Include="pch.h">
      <Filter>Infrastructure</Filter>
    </ClInclude>
    <ClInclude Include="Utils.h">
      <Filter>Infrastructure</Filter>
    </ClInclude>
    <ClInclude Include="VectorString.h">
      <Filter>Models</Filter>
    </ClInclude>
    <ClInclude Include="App.h">
      <Filter>App</Filter>
    </ClInclude>
  </ItemGroup>
  <ItemGroup>
    <ClCompile Include="main.cpp" />
    <ClCompile Include="Menu.cpp">
      <Filter>Infrastructure\Menu</Filter>
    </ClCompile>
    <ClCompile Include="MenuItem.cpp">
      <Filter>Infrastructure\Menu</Filter>
    </ClCompile>
    <ClCompile Include="pch.cpp">
      <Filter>Infrastructure</Filter>
    </ClCompile>
    <ClCompile Include="Utils.cpp">
      <Filter>Infrastructure</Filter>
    </ClCompile>
    <ClCompile Include="VectorString.cpp">
      <Filter>Models</Filter>
    </ClCompile>
    <ClCompile Include="App.cpp">
      <Filter>App</Filter>
    </ClCompile>
  </ItemGroup>
  <ItemGroup>
    <Filter Include="App">
      <UniqueIdentifier>{7abdba8f-fee9-46d8-b184-e56fa2b102cf}</UniqueIdentifier>
    </Filter>
    <Filter Include="Infrastructure">
      <UniqueIdentifier>{b9e4530b-1aa8-4e6b-bb18-9a1725d15aa0}</UniqueIdentifier>
    </Filter>
    <Filter Include="Infrastructure\Menu">
      <UniqueIdentifier>{23dbf2d3-ea1a-4824-927b-ebe8f44522af}</UniqueIdentifier>
    </Filter>
    <Filter Include="Models">
      <UniqueIdentifier>{a33002b9-93a2-4031-b63e-978d56883641}</UniqueIdentifier>
    </Filter>
  </ItemGroup>
</Project>