<?xml version="1.0" encoding="utf-8"?>
<Project ToolsVersion="4.0" xmlns="http://schemas.microsoft.com/developer/msbuild/2003">
  <ItemGroup>
    <ClCompile Include="Utils.cpp">
      <Filter>Infrastructure</Filter>
    </ClCompile>
    <ClCompile Include="App.cpp">
      <Filter>App</Filter>
    </ClCompile>
    <ClCompile Include="Main.cpp" />
    <ClCompile Include="VectorFactory.cpp">
      <Filter>Models</Filter>
    </ClCompile>
    <ClCompile Include="VectorTask.cpp">
      <Filter>Models</Filter>
    </ClCompile>
  </ItemGroup>
  <ItemGroup>
    <ClInclude Include="Utils.h">
      <Filter>Infrastructure</Filter>
    </ClInclude>
    <ClInclude Include="pch.h">
      <Filter>Infrastructure</Filter>
    </ClInclude>
    <ClInclude Include="Colors.h">
      <Filter>Infrastructure\Colors</Filter>
    </ClInclude>
    <ClInclude Include="Palette.h">
      <Filter>Infrastructure\Colors</Filter>
    </ClInclude>
    <ClInclude Include="VectorFactory.h">
      <Filter>Models</Filter>
    </ClInclude>
    <ClInclude Include="VectorTask.h">
      <Filter>Models</Filter>
    </ClInclude>
    <ClInclude Include="FKeys.h">
      <Filter>Infrastructure</Filter>
    </ClInclude>
    <ClInclude Include="App.h">
      <Filter>App</Filter>
    </ClInclude>
  </ItemGroup>
  <ItemGroup>
    <Filter Include="Infrastructure">
      <UniqueIdentifier>{1fd1a492-716a-4277-880a-2bf272f1a9c7}</UniqueIdentifier>
    </Filter>
    <Filter Include="App">
      <UniqueIdentifier>{8f96d29d-f765-4053-a675-fb7204d0b6fc}</UniqueIdentifier>
    </Filter>
    <Filter Include="Infrastructure\Colors">
      <UniqueIdentifier>{d252055c-77cd-4a7d-b2f6-ca0d2527970c}</UniqueIdentifier>
    </Filter>
    <Filter Include="Models">
      <UniqueIdentifier>{1b713fe9-89bc-4fbf-bb19-89ce1eb76288}</UniqueIdentifier>
    </Filter>
  </ItemGroup>
</Project>