<?xml version="1.0" encoding="utf-8"?>
<Project ToolsVersion="4.0" xmlns="http://schemas.microsoft.com/developer/msbuild/2003">
  <ItemGroup>
    <ClCompile Include="App.cpp">
      <Filter>App</Filter>
    </ClCompile>
    <ClCompile Include="Utils.cpp">
      <Filter>Infrastructure</Filter>
    </ClCompile>
    <ClCompile Include="Menu.cpp">
      <Filter>Infrastructure\Menu</Filter>
    </ClCompile>
    <ClCompile Include="MenuItem.cpp">
      <Filter>Infrastructure\Menu</Filter>
    </ClCompile>
    <ClCompile Include="Main.cpp" />
    <ClCompile Include="TextTask.cpp">
      <Filter>Models</Filter>
    </ClCompile>
  </ItemGroup>
  <ItemGroup>
    <Filter Include="App">
      <UniqueIdentifier>{e9049c51-a6fd-4ef2-93d3-3d5e8a3eb07b}</UniqueIdentifier>
    </Filter>
    <Filter Include="Infrastructure">
      <UniqueIdentifier>{e8ec0799-e1f9-41a1-a4e6-97d6eae7c71b}</UniqueIdentifier>
    </Filter>
    <Filter Include="Models">
      <UniqueIdentifier>{7584a638-cb67-4c5d-97ba-b3d0462e9d82}</UniqueIdentifier>
    </Filter>
    <Filter Include="Infrastructure\Colors">
      <UniqueIdentifier>{b6ab2c68-a7c5-47d4-a99d-7abb031e5999}</UniqueIdentifier>
    </Filter>
    <Filter Include="Infrastructure\Menu">
      <UniqueIdentifier>{4f7117ac-d080-4add-a87c-b2c8a1cfd70a}</UniqueIdentifier>
    </Filter>
  </ItemGroup>
  <ItemGroup>
    <ClInclude Include="App.h">
      <Filter>App</Filter>
    </ClInclude>
    <ClInclude Include="FileException.h">
      <Filter>Infrastructure</Filter>
    </ClInclude>
    <ClInclude Include="Utils.h">
      <Filter>Infrastructure</Filter>
    </ClInclude>
    <ClInclude Include="pch.h">
      <Filter>Infrastructure</Filter>
    </ClInclude>
    <ClInclude Include="FKeys.h">
      <Filter>Infrastructure</Filter>
    </ClInclude>
    <ClInclude Include="Colors.h">
      <Filter>Infrastructure\Colors</Filter>
    </ClInclude>
    <ClInclude Include="Palette.h">
      <Filter>Infrastructure\Colors</Filter>
    </ClInclude>
    <ClInclude Include="Menu.h">
      <Filter>Infrastructure\Menu</Filter>
    </ClInclude>
    <ClInclude Include="MenuItem.h">
      <Filter>Infrastructure\Menu</Filter>
    </ClInclude>
    <ClInclude Include="TextTask.h">
      <Filter>Models</Filter>
    </ClInclude>
  </ItemGroup>
</Project>